{
	"name": "tango-shared",
	"version": "1.0.0",
	"lockfileVersion": 2,
	"requires": true,
	"packages": {
		"": {
			"name": "tango-shared",
			"version": "1.0.0",
			"dependencies": {
				"json-object-mapper": "^1.7.1",
				"moment": "^2.29.4"
			},
			"devDependencies": {
				"@types/node": "^20.5.9",
				"typescript": "^4.9.5"
			}
		},
		"node_modules/@types/node": {
			"version": "20.5.9",
			"resolved": "https://registry.npmjs.org/@types/node/-/node-20.5.9.tgz",
			"integrity": "sha512-PcGNd//40kHAS3sTlzKB9C9XL4K0sTup8nbG5lC14kzEteTNuAFh9u5nA0o5TWnSG2r/JNPRXFVcHJIIeRlmqQ==",
			"dev": true
		},
		"node_modules/json-object-mapper": {
			"version": "1.7.1",
			"resolved": "https://registry.npmjs.org/json-object-mapper/-/json-object-mapper-1.7.1.tgz",
			"integrity": "sha512-3OCBJWrTGkr1KduV2AvaAJtiHaoWPUWU1sWRYvVvAKSNvciI8KH39pvYw184TWEAN1O1Ymre4B5By+RAVq1Fdw=="
		},
		"node_modules/moment": {
			"version": "2.29.4",
			"resolved": "https://registry.npmjs.org/moment/-/moment-2.29.4.tgz",
			"integrity": "sha512-5LC9SOxjSc2HF6vO2CyuTDNivEdoz2IvyJJGj6X8DJ0eFyfszE0QiEd+iXmBvUP3WHxSjFH/vIsA0EN00cgr8w==",
			"engines": {
				"node": "*"
			}
		},
		"node_modules/typescript": {
			"version": "4.9.5",
			"resolved": "https://registry.npmjs.org/typescript/-/typescript-4.9.5.tgz",
			"integrity": "sha512-1FXk9E2Hm+QzZQ7z+McJiHL4NW1F2EzMu9Nq9i3zAaGqibafqYwCVU6WyWAuyQRRzOlxou8xZSyXLEN8oKj24g==",
			"dev": true,
			"bin": {
				"tsc": "bin/tsc",
				"tsserver": "bin/tsserver"
			},
			"engines": {
				"node": ">=4.2.0"
			}
		}
	},
	"dependencies": {
		"@types/node": {
			"version": "20.5.9",
			"resolved": "https://registry.npmjs.org/@types/node/-/node-20.5.9.tgz",
			"integrity": "sha512-PcGNd//40kHAS3sTlzKB9C9XL4K0sTup8nbG5lC14kzEteTNuAFh9u5nA0o5TWnSG2r/JNPRXFVcHJIIeRlmqQ==",
			"dev": true
		},
		"json-object-mapper": {
			"version": "1.7.1",
			"resolved": "https://registry.npmjs.org/json-object-mapper/-/json-object-mapper-1.7.1.tgz",
			"integrity": "sha512-3OCBJWrTGkr1KduV2AvaAJtiHaoWPUWU1sWRYvVvAKSNvciI8KH39pvYw184TWEAN1O1Ymre4B5By+RAVq1Fdw=="
		},
		"moment": {
			"version": "2.29.4",
			"resolved": "https://registry.npmjs.org/moment/-/moment-2.29.4.tgz",
			"integrity": "sha512-5LC9SOxjSc2HF6vO2CyuTDNivEdoz2IvyJJGj6X8DJ0eFyfszE0QiEd+iXmBvUP3WHxSjFH/vIsA0EN00cgr8w=="
		},
		"typescript": {
			"version": "4.9.5",
			"resolved": "https://registry.npmjs.org/typescript/-/typescript-4.9.5.tgz",
			"integrity": "sha512-1FXk9E2Hm+QzZQ7z+McJiHL4NW1F2EzMu9Nq9i3zAaGqibafqYwCVU6WyWAuyQRRzOlxou8xZSyXLEN8oKj24g==",
			"dev": true
		}
	}
}
